
Microsoft Visual Studio Solution File, Format Version 12.00
# Visual Studio Version 16
VisualStudioVersion = 16.0.810.1
MinimumVisualStudioVersion = 10.0.40219.1
Project("{FAE04EC0-301F-11D3-BF4B-00C04F79EFBC}") = "SeleniumProject", "SeleniumProject\SeleniumProject.csproj", "{714359B0-77E0-4082-983E-0A9886D5DEC2}"
EndProject
Global
	GlobalSection(SolutionConfigurationPlatforms) = preSolution
		Debug|Any CPU = Debug|Any CPU
		Release|Any CPU = Release|Any CPU
	EndGlobalSection
	GlobalSection(ProjectConfigurationPlatforms) = postSolution
		{714359B0-77E0-4082-983E-0A9886D5DEC2}.Debug|Any CPU.ActiveCfg = Debug|Any CPU
		{714359B0-77E0-4082-983E-0A9886D5DEC2}.Debug|Any CPU.Build.0 = Debug|Any CPU
		{714359B0-77E0-4082-983E-0A9886D5DEC2}.Release|Any CPU.ActiveCfg = Release|Any CPU
		{714359B0-77E0-4082-983E-0A9886D5DEC2}.Release|Any CPU.Build.0 = Release|Any CPU
	EndGlobalSection
	GlobalSection(SolutionProperties) = preSolution
		HideSolutionNode = FALSE
	EndGlobalSection
	GlobalSection(ExtensibilityGlobals) = postSolution
		SolutionGuid = {4340065E-E66B-46A1-A1EB-D8DC17F74D6A}
	EndGlobalSection
EndGlobal
